{
  "name": "node-mongo-app",
  "version": "1.0.0",
  "lockfileVersion": 2,
  "requires": true,
  "packages": {
    "": {
      "name": "node-mongo-app",
      "version": "1.0.0",
      "dependencies": {
        "express": "^4.18.2",
        "mongodb": "^5.7.0"
      }
    }
  },
  "dependencies": {
    "express": {
      "version": "4.18.2",
      "resolved": "https://registry.npmjs.org/express/-/express-4.18.2.tgz",
      "integrity": "sha512-B5GcJxTr3E8MCpm2Fxv68D52rI1P/kdEbTgCkGL6H8JJ4YXkNY8ShG8mWce0CkaTn3ZsvfhMe7O0u6h+U1s0sw=="
    },
    "mongodb": {
      "version": "5.7.0",
      "resolved": "https://registry.npmjs.org/mongodb/-/mongodb-5.7.0.tgz",
      "integrity": "sha512-3KNx7l7+YcRejd0R+3w5oiUMiFDSmK6D0kHQNTJx2gnqQH+VZsRZfzzdGj8yXKbsIQo8iN5XY7JcXxCzYajH4Q=="
    }
  }
}